
Microsoft Visual Studio Solution File, Format Version 12.00
# Visual Studio 15
VisualStudioVersion = 15.0.27428.2015
MinimumVisualStudioVersion = 10.0.40219.1
Project("{FAE04EC0-301F-11D3-BF4B-00C04F79EFBC}") = "ProfileTransferCsharp", "ProfileTransferCsharp\ProfileTransferCsharp.csproj", "{3D0AF0CD-39E2-4F1D-8084-9E03E7A9EA07}"
EndProject
Project("{FAE04EC0-301F-11D3-BF4B-00C04F79EFBC}") = "Win10Migrate", "Win10Migrate\Win10Migrate.csproj", "{46FE959E-042A-4000-B5C8-7B347F1E24EE}"
EndProject
Project("{FAE04EC0-301F-11D3-BF4B-00C04F79EFBC}") = "Win10MigrateTests", "Win10MigrateTests\Win10MigrateTests.csproj", "{DCB1DCBF-E3F7-41DC-81DD-6371A33AFEC5}"
EndProject
Project("{FAE04EC0-301F-11D3-BF4B-00C04F79EFBC}") = "ProfileMigration", "ProfileMigration\ProfileMigration.csproj", "{59E6F697-8703-4054-A5AB-7D8CC4195C93}"
EndProject
Project("{FAE04EC0-301F-11D3-BF4B-00C04F79EFBC}") = "MachineMigrate", "MachineMigrate\MachineMigrate.csproj", "{0F9DE797-9680-46B0-86F1-2836C0CBC2E1}"
EndProject
Global
	GlobalSection(SolutionConfigurationPlatforms) = preSolution
		Debug|Any CPU = Debug|Any CPU
		Release|Any CPU = Release|Any CPU
	EndGlobalSection
	GlobalSection(ProjectConfigurationPlatforms) = postSolution
		{3D0AF0CD-39E2-4F1D-8084-9E03E7A9EA07}.Debug|Any CPU.ActiveCfg = Debug|Any CPU
		{3D0AF0CD-39E2-4F1D-8084-9E03E7A9EA07}.Debug|Any CPU.Build.0 = Debug|Any CPU
		{3D0AF0CD-39E2-4F1D-8084-9E03E7A9EA07}.Release|Any CPU.ActiveCfg = Release|Any CPU
		{3D0AF0CD-39E2-4F1D-8084-9E03E7A9EA07}.Release|Any CPU.Build.0 = Release|Any CPU
		{46FE959E-042A-4000-B5C8-7B347F1E24EE}.Debug|Any CPU.ActiveCfg = Debug|Any CPU
		{46FE959E-042A-4000-B5C8-7B347F1E24EE}.Debug|Any CPU.Build.0 = Debug|Any CPU
		{46FE959E-042A-4000-B5C8-7B347F1E24EE}.Release|Any CPU.ActiveCfg = Release|Any CPU
		{46FE959E-042A-4000-B5C8-7B347F1E24EE}.Release|Any CPU.Build.0 = Release|Any CPU
		{DCB1DCBF-E3F7-41DC-81DD-6371A33AFEC5}.Debug|Any CPU.ActiveCfg = Debug|Any CPU
		{DCB1DCBF-E3F7-41DC-81DD-6371A33AFEC5}.Debug|Any CPU.Build.0 = Debug|Any CPU
		{DCB1DCBF-E3F7-41DC-81DD-6371A33AFEC5}.Release|Any CPU.ActiveCfg = Release|Any CPU
		{DCB1DCBF-E3F7-41DC-81DD-6371A33AFEC5}.Release|Any CPU.Build.0 = Release|Any CPU
		{59E6F697-8703-4054-A5AB-7D8CC4195C93}.Debug|Any CPU.ActiveCfg = Debug|Any CPU
		{59E6F697-8703-4054-A5AB-7D8CC4195C93}.Debug|Any CPU.Build.0 = Debug|Any CPU
		{59E6F697-8703-4054-A5AB-7D8CC4195C93}.Release|Any CPU.ActiveCfg = Release|Any CPU
		{59E6F697-8703-4054-A5AB-7D8CC4195C93}.Release|Any CPU.Build.0 = Release|Any CPU
		{0F9DE797-9680-46B0-86F1-2836C0CBC2E1}.Debug|Any CPU.ActiveCfg = Debug|Any CPU
		{0F9DE797-9680-46B0-86F1-2836C0CBC2E1}.Debug|Any CPU.Build.0 = Debug|Any CPU
		{0F9DE797-9680-46B0-86F1-2836C0CBC2E1}.Release|Any CPU.ActiveCfg = Release|Any CPU
		{0F9DE797-9680-46B0-86F1-2836C0CBC2E1}.Release|Any CPU.Build.0 = Release|Any CPU
	EndGlobalSection
	GlobalSection(SolutionProperties) = preSolution
		HideSolutionNode = FALSE
	EndGlobalSection
	GlobalSection(ExtensibilityGlobals) = postSolution
		SolutionGuid = {E00A4BC7-02A2-4429-B234-BFA0361D4448}
	EndGlobalSection
EndGlobal
